{
  "name": "app",
  "version": "1.0.0",
  "lockfileVersion": 2,
  "requires": true,
  "packages": {
    "": {
      "version": "1.0.0",
      "license": "ISC",
      "dependencies": {
        "@pierskarsenbarg/pk-private-package": "^1.0.2"
      }
    },
    "node_modules/@pierskarsenbarg/pk-private-package": {
      "version": "1.0.2",
      "resolved": "https://npm.pkg.github.com/download/@pierskarsenbarg/pk-private-package/1.0.2/c315772de75cac0d2019c068ea9d43049002f89f6e942134e1e82e30f043932d",
      "integrity": "sha1-hTBojMBtsoMDdCcBGSNUL5lF88w=",
      "license": "ISC"
    }
  },
  "dependencies": {
    "@pierskarsenbarg/pk-private-package": {
      "version": "1.0.2",
      "resolved": "https://npm.pkg.github.com/download/@pierskarsenbarg/pk-private-package/1.0.2/c315772de75cac0d2019c068ea9d43049002f89f6e942134e1e82e30f043932d",
      "integrity": "sha1-hTBojMBtsoMDdCcBGSNUL5lF88w="
    }
  }
}
